
Microsoft Visual Studio Solution File, Format Version 12.00
# Visual Studio Version 17
VisualStudioVersion = 17.6.33829.357
MinimumVisualStudioVersion = 10.0.40219.1
Project("{8BC9CEB8-8B4A-11D0-8D11-00A0C91BC942}") = "32_自编函数求字符串长度", "32_自编函数求字符串长度\32_自编函数求字符串长度.vcxproj", "{F8CFBDFA-07B8-465E-9B20-13455C0AD537}"
EndProject
Global
	GlobalSection(SolutionConfigurationPlatforms) = preSolution
		Debug|x64 = Debug|x64
		Debug|x86 = Debug|x86
		Release|x64 = Release|x64
		Release|x86 = Release|x86
	EndGlobalSection
	GlobalSection(ProjectConfigurationPlatforms) = postSolution
		{F8CFBDFA-07B8-465E-9B20-13455C0AD537}.Debug|x64.ActiveCfg = Debug|x64
		{F8CFBDFA-07B8-465E-9B20-13455C0AD537}.Debug|x64.Build.0 = Debug|x64
		{F8CFBDFA-07B8-465E-9B20-13455C0AD537}.Debug|x86.ActiveCfg = Debug|Win32
		{F8CFBDFA-07B8-465E-9B20-13455C0AD537}.Debug|x86.Build.0 = Debug|Win32
		{F8CFBDFA-07B8-465E-9B20-13455C0AD537}.Release|x64.ActiveCfg = Release|x64
		{F8CFBDFA-07B8-465E-9B20-13455C0AD537}.Release|x64.Build.0 = Release|x64
		{F8CFBDFA-07B8-465E-9B20-13455C0AD537}.Release|x86.ActiveCfg = Release|Win32
		{F8CFBDFA-07B8-465E-9B20-13455C0AD537}.Release|x86.Build.0 = Release|Win32
	EndGlobalSection
	GlobalSection(SolutionProperties) = preSolution
		HideSolutionNode = FALSE
	EndGlobalSection
	GlobalSection(ExtensibilityGlobals) = postSolution
		SolutionGuid = {92C0F2CA-1368-4D7A-A310-C76C39DFEB68}
	EndGlobalSection
EndGlobal
